
Microsoft Visual Studio Solution File, Format Version 12.00
# Visual Studio Version 17
VisualStudioVersion = 17.7.34024.191
MinimumVisualStudioVersion = 10.0.40219.1
Project("{9A19103F-16F7-4668-BE54-9A1E7A4F7556}") = "Ejercicio I01", "Ejercicio I01\Ejercicio I01.csproj", "{357542C1-BD61-44F6-A3D9-360120E02764}"
EndProject
Project("{9A19103F-16F7-4668-BE54-9A1E7A4F7556}") = "Biblioteca1", "Biblioteca1\Biblioteca1.csproj", "{B86DB9E8-73DB-4FDF-BA89-72B2FBABC413}"
EndProject
Project("{9A19103F-16F7-4668-BE54-9A1E7A4F7556}") = "Ejercicio I02", "Ejercicio I02\Ejercicio I02.csproj", "{90C41E17-ABA1-42D3-8906-0FFC498D129E}"
EndProject
Project("{FAE04EC0-301F-11D3-BF4B-00C04F79EFBC}") = "Ejercicio I03", "Ejercicio I03\Ejercicio I03.csproj", "{44EEE8F9-5A0E-4FA5-A6DB-C0D586A11FAF}"
EndProject
Global
	GlobalSection(SolutionConfigurationPlatforms) = preSolution
		Debug|Any CPU = Debug|Any CPU
		Release|Any CPU = Release|Any CPU
	EndGlobalSection
	GlobalSection(ProjectConfigurationPlatforms) = postSolution
		{357542C1-BD61-44F6-A3D9-360120E02764}.Debug|Any CPU.ActiveCfg = Debug|Any CPU
		{357542C1-BD61-44F6-A3D9-360120E02764}.Debug|Any CPU.Build.0 = Debug|Any CPU
		{357542C1-BD61-44F6-A3D9-360120E02764}.Release|Any CPU.ActiveCfg = Release|Any CPU
		{357542C1-BD61-44F6-A3D9-360120E02764}.Release|Any CPU.Build.0 = Release|Any CPU
		{B86DB9E8-73DB-4FDF-BA89-72B2FBABC413}.Debug|Any CPU.ActiveCfg = Debug|Any CPU
		{B86DB9E8-73DB-4FDF-BA89-72B2FBABC413}.Debug|Any CPU.Build.0 = Debug|Any CPU
		{B86DB9E8-73DB-4FDF-BA89-72B2FBABC413}.Release|Any CPU.ActiveCfg = Release|Any CPU
		{B86DB9E8-73DB-4FDF-BA89-72B2FBABC413}.Release|Any CPU.Build.0 = Release|Any CPU
		{90C41E17-ABA1-42D3-8906-0FFC498D129E}.Debug|Any CPU.ActiveCfg = Debug|Any CPU
		{90C41E17-ABA1-42D3-8906-0FFC498D129E}.Debug|Any CPU.Build.0 = Debug|Any CPU
		{90C41E17-ABA1-42D3-8906-0FFC498D129E}.Release|Any CPU.ActiveCfg = Release|Any CPU
		{90C41E17-ABA1-42D3-8906-0FFC498D129E}.Release|Any CPU.Build.0 = Release|Any CPU
		{44EEE8F9-5A0E-4FA5-A6DB-C0D586A11FAF}.Debug|Any CPU.ActiveCfg = Debug|Any CPU
		{44EEE8F9-5A0E-4FA5-A6DB-C0D586A11FAF}.Debug|Any CPU.Build.0 = Debug|Any CPU
		{44EEE8F9-5A0E-4FA5-A6DB-C0D586A11FAF}.Release|Any CPU.ActiveCfg = Release|Any CPU
		{44EEE8F9-5A0E-4FA5-A6DB-C0D586A11FAF}.Release|Any CPU.Build.0 = Release|Any CPU
	EndGlobalSection
	GlobalSection(SolutionProperties) = preSolution
		HideSolutionNode = FALSE
	EndGlobalSection
	GlobalSection(ExtensibilityGlobals) = postSolution
		SolutionGuid = {AEF01B1A-B9D2-4C86-8DDA-3FE84E10B135}
	EndGlobalSection
EndGlobal
